// !$*UTF8*$!
{
	archiveVersion = 1;
	classes = {
	};
	objectVersion = 56;
	objects = {

/* Begin PBXBuildFile section */
		55352A032A7ECD00000AEC95 /* AppDelegate.swift in Sources */ = {isa = PBXBuildFile; fileRef = 55352A022A7ECD00000AEC95 /* AppDelegate.swift */; };
		55352A052A7ECD00000AEC95 /* SceneDelegate.swift in Sources */ = {isa = PBXBuildFile; fileRef = 55352A042A7ECD00000AEC95 /* SceneDelegate.swift */; };
		55352A0A2A7ECD00000AEC95 /* Main.storyboard in Resources */ = {isa = PBXBuildFile; fileRef = 55352A082A7ECD00000AEC95 /* Main.storyboard */; };
		55352A0C2A7ECD01000AEC95 /* Assets.xcassets in Resources */ = {isa = PBXBuildFile; fileRef = 55352A0B2A7ECD01000AEC95 /* Assets.xcassets */; };
		55352A0F2A7ECD01000AEC95 /* LaunchScreen.storyboard in Resources */ = {isa = PBXBuildFile; fileRef = 55352A0D2A7ECD01000AEC95 /* LaunchScreen.storyboard */; };
		55352A182A7ECE6B000AEC95 /* TasksTableViewController.swift in Sources */ = {isa = PBXBuildFile; fileRef = 55352A172A7ECE6B000AEC95 /* TasksTableViewController.swift */; };
		55352A1B2A7ED7FF000AEC95 /* Task.swift in Sources */ = {isa = PBXBuildFile; fileRef = 55352A1A2A7ED7FF000AEC95 /* Task.swift */; };
		55352A1D2A7ED871000AEC95 /* Category.swift in Sources */ = {isa = PBXBuildFile; fileRef = 55352A1C2A7ED871000AEC95 /* Category.swift */; };
		55352A222A7EDC09000AEC95 /* TaskTableViewCell.swift in Sources */ = {isa = PBXBuildFile; fileRef = 55352A212A7EDC09000AEC95 /* TaskTableViewCell.swift */; };
/* End PBXBuildFile section */

/* Begin PBXFileReference section */
		553529FF2A7ECD00000AEC95 /* todolist.app */ = {isa = PBXFileReference; explicitFileType = wrapper.application; includeInIndex = 0; path = todolist.app; sourceTree = BUILT_PRODUCTS_DIR; };
		55352A022A7ECD00000AEC95 /* AppDelegate.swift */ = {isa = PBXFileReference; lastKnownFileType = sourcecode.swift; path = AppDelegate.swift; sourceTree = "<group>"; };
		55352A042A7ECD00000AEC95 /* SceneDelegate.swift */ = {isa = PBXFileReference; lastKnownFileType = sourcecode.swift; path = SceneDelegate.swift; sourceTree = "<group>"; };
		55352A092A7ECD00000AEC95 /* Base */ = {isa = PBXFileReference; lastKnownFileType = file.storyboard; name = Base; path = Base.lproj/Main.storyboard; sourceTree = "<group>"; };
		55352A0B2A7ECD01000AEC95 /* Assets.xcassets */ = {isa = PBXFileReference; lastKnownFileType = folder.assetcatalog; path = Assets.xcassets; sourceTree = "<group>"; };
		55352A0E2A7ECD01000AEC95 /* Base */ = {isa = PBXFileReference; lastKnownFileType = file.storyboard; name = Base; path = Base.lproj/LaunchScreen.storyboard; sourceTree = "<group>"; };
		55352A102A7ECD01000AEC95 /* Info.plist */ = {isa = PBXFileReference; lastKnownFileType = text.plist.xml; path = Info.plist; sourceTree = "<group>"; };
		55352A172A7ECE6B000AEC95 /* TasksTableViewController.swift */ = {isa = PBXFileReference; lastKnownFileType = sourcecode.swift; path = TasksTableViewController.swift; sourceTree = "<group>"; };
		55352A1A2A7ED7FF000AEC95 /* Task.swift */ = {isa = PBXFileReference; lastKnownFileType = sourcecode.swift; path = Task.swift; sourceTree = "<group>"; };
		55352A1C2A7ED871000AEC95 /* Category.swift */ = {isa = PBXFileReference; lastKnownFileType = sourcecode.swift; path = Category.swift; sourceTree = "<group>"; };
		55352A212A7EDC09000AEC95 /* TaskTableViewCell.swift */ = {isa = PBXFileReference; lastKnownFileType = sourcecode.swift; path = TaskTableViewCell.swift; sourceTree = "<group>"; };
/* End PBXFileReference section */

/* Begin PBXFrameworksBuildPhase section */
		553529FC2A7ECD00000AEC95 /* Frameworks */ = {
			isa = PBXFrameworksBuildPhase;
			buildActionMask = 2147483647;
			files = (
			);
			runOnlyForDeploymentPostprocessing = 0;
		};
/* End PBXFrameworksBuildPhase section */

/* Begin PBXGroup section */
		553529F62A7ECD00000AEC95 = {
			isa = PBXGroup;
			children = (
				55352A012A7ECD00000AEC95 /* todolist */,
				55352A002A7ECD00000AEC95 /* Products */,
			);
			sourceTree = "<group>";
		};
		55352A002A7ECD00000AEC95 /* Products */ = {
			isa = PBXGroup;
			children = (
				553529FF2A7ECD00000AEC95 /* todolist.app */,
			);
			name = Products;
			sourceTree = "<group>";
		};
		55352A012A7ECD00000AEC95 /* todolist */ = {
			isa = PBXGroup;
			children = (
				55352A192A7ED7E0000AEC95 /* Models */,
				55352A162A7ECE59000AEC95 /* Controllers */,
				55352A022A7ECD00000AEC95 /* AppDelegate.swift */,
				55352A042A7ECD00000AEC95 /* SceneDelegate.swift */,
				55352A082A7ECD00000AEC95 /* Main.storyboard */,
				55352A0B2A7ECD01000AEC95 /* Assets.xcassets */,
				55352A0D2A7ECD01000AEC95 /* LaunchScreen.storyboard */,
				55352A102A7ECD01000AEC95 /* Info.plist */,
			);
			path = todolist;
			sourceTree = "<group>";
		};
		55352A162A7ECE59000AEC95 /* Controllers */ = {
			isa = PBXGroup;
			children = (
				55352A1E2A7EDBB9000AEC95 /* Cells */,
				55352A172A7ECE6B000AEC95 /* TasksTableViewController.swift */,
			);
			path = Controllers;
			sourceTree = "<group>";
		};
		55352A192A7ED7E0000AEC95 /* Models */ = {
			isa = PBXGroup;
			children = (
				55352A1A2A7ED7FF000AEC95 /* Task.swift */,
				55352A1C2A7ED871000AEC95 /* Category.swift */,
			);
			path = Models;
			sourceTree = "<group>";
		};
		55352A1E2A7EDBB9000AEC95 /* Cells */ = {
			isa = PBXGroup;
			children = (
				55352A212A7EDC09000AEC95 /* TaskTableViewCell.swift */,
			);
			path = Cells;
			sourceTree = "<group>";
		};
/* End PBXGroup section */

/* Begin PBXNativeTarget section */
		553529FE2A7ECD00000AEC95 /* todolist */ = {
			isa = PBXNativeTarget;
			buildConfigurationList = 55352A132A7ECD01000AEC95 /* Build configuration list for PBXNativeTarget "todolist" */;
			buildPhases = (
				553529FB2A7ECD00000AEC95 /* Sources */,
				553529FC2A7ECD00000AEC95 /* Frameworks */,
				553529FD2A7ECD00000AEC95 /* Resources */,
			);
			buildRules = (
			);
			dependencies = (
			);
			name = todolist;
			productName = todolist;
			productReference = 553529FF2A7ECD00000AEC95 /* todolist.app */;
			productType = "com.apple.product-type.application";
		};
/* End PBXNativeTarget section */

/* Begin PBXProject section */
		553529F72A7ECD00000AEC95 /* Project object */ = {
			isa = PBXProject;
			attributes = {
				BuildIndependentTargetsInParallel = 1;
				LastSwiftUpdateCheck = 1420;
				LastUpgradeCheck = 1420;
				TargetAttributes = {
					553529FE2A7ECD00000AEC95 = {
						CreatedOnToolsVersion = 14.2;
					};
				};
			};
			buildConfigurationList = 553529FA2A7ECD00000AEC95 /* Build configuration list for PBXProject "todolist" */;
			compatibilityVersion = "Xcode 14.0";
			developmentRegion = en;
			hasScannedForEncodings = 0;
			knownRegions = (
				en,
				Base,
			);
			mainGroup = 553529F62A7ECD00000AEC95;
			productRefGroup = 55352A002A7ECD00000AEC95 /* Products */;
			projectDirPath = "";
			projectRoot = "";
			targets = (
				553529FE2A7ECD00000AEC95 /* todolist */,
			);
		};
/* End PBXProject section */

/* Begin PBXResourcesBuildPhase section */
		553529FD2A7ECD00000AEC95 /* Resources */ = {
			isa = PBXResourcesBuildPhase;
			buildActionMask = 2147483647;
			files = (
				55352A0F2A7ECD01000AEC95 /* LaunchScreen.storyboard in Resources */,
				55352A0C2A7ECD01000AEC95 /* Assets.xcassets in Resources */,
				55352A0A2A7ECD00000AEC95 /* Main.storyboard in Resources */,
			);
			runOnlyForDeploymentPostprocessing = 0;
		};
/* End PBXResourcesBuildPhase section */

/* Begin PBXSourcesBuildPhase section */
		553529FB2A7ECD00000AEC95 /* Sources */ = {
			isa = PBXSourcesBuildPhase;
			buildActionMask = 2147483647;
			files = (
				55352A032A7ECD00000AEC95 /* AppDelegate.swift in Sources */,
				55352A1D2A7ED871000AEC95 /* Category.swift in Sources */,
				55352A222A7EDC09000AEC95 /* TaskTableViewCell.swift in Sources */,
				55352A1B2A7ED7FF000AEC95 /* Task.swift in Sources */,
				55352A052A7ECD00000AEC95 /* SceneDelegate.swift in Sources */,
				55352A182A7ECE6B000AEC95 /* TasksTableViewController.swift in Sources */,
			);
			runOnlyForDeploymentPostprocessing = 0;
		};
/* End PBXSourcesBuildPhase section */

/* Begin PBXVariantGroup section */
		55352A082A7ECD00000AEC95 /* Main.storyboard */ = {
			isa = PBXVariantGroup;
			children = (
				55352A092A7ECD00000AEC95 /* Base */,
			);
			name = Main.storyboard;
			sourceTree = "<group>";
		};
		55352A0D2A7ECD01000AEC95 /* LaunchScreen.storyboard */ = {
			isa = PBXVariantGroup;
			children = (
				55352A0E2A7ECD01000AEC95 /* Base */,
			);
			name = LaunchScreen.storyboard;
			sourceTree = "<group>";
		};
/* End PBXVariantGroup section */

/* Begin XCBuildConfiguration section */
		55352A112A7ECD01000AEC95 /* Debug */ = {
			isa = XCBuildConfiguration;
			buildSettings = {
				ALWAYS_SEARCH_USER_PATHS = NO;
				CLANG_ANALYZER_NONNULL = YES;
				CLANG_ANALYZER_NUMBER_OBJECT_CONVERSION = YES_AGGRESSIVE;
				CLANG_CXX_LANGUAGE_STANDARD = "gnu++20";
				CLANG_ENABLE_MODULES = YES;
				CLANG_ENABLE_OBJC_ARC = YES;
				CLANG_ENABLE_OBJC_WEAK = YES;
				CLANG_WARN_BLOCK_CAPTURE_AUTORELEASING = YES;
				CLANG_WARN_BOOL_CONVERSION = YES;
				CLANG_WARN_COMMA = YES;
				CLANG_WARN_CONSTANT_CONVERSION = YES;
				CLANG_WARN_DEPRECATED_OBJC_IMPLEMENTATIONS = YES;
				CLANG_WARN_DIRECT_OBJC_ISA_USAGE = YES_ERROR;
				CLANG_WARN_DOCUMENTATION_COMMENTS = YES;
				CLANG_WARN_EMPTY_BODY = YES;
				CLANG_WARN_ENUM_CONVERSION = YES;
				CLANG_WARN_INFINITE_RECURSION = YES;
				CLANG_WARN_INT_CONVERSION = YES;
				CLANG_WARN_NON_LITERAL_NULL_CONVERSION = YES;
				CLANG_WARN_OBJC_IMPLICIT_RETAIN_SELF = YES;
				CLANG_WARN_OBJC_LITERAL_CONVERSION = YES;
				CLANG_WARN_OBJC_ROOT_CLASS = YES_ERROR;
				CLANG_WARN_QUOTED_INCLUDE_IN_FRAMEWORK_HEADER = YES;
				CLANG_WARN_RANGE_LOOP_ANALYSIS = YES;
				CLANG_WARN_STRICT_PROTOTYPES = YES;
				CLANG_WARN_SUSPICIOUS_MOVE = YES;
				CLANG_WARN_UNGUARDED_AVAILABILITY = YES_AGGRESSIVE;
				CLANG_WARN_UNREACHABLE_CODE = YES;
				CLANG_WARN__DUPLICATE_METHOD_MATCH = YES;
				COPY_PHASE_STRIP = NO;
				DEBUG_INFORMATION_FORMAT = dwarf;
				ENABLE_STRICT_OBJC_MSGSEND = YES;
				ENABLE_TESTABILITY = YES;
				GCC_C_LANGUAGE_STANDARD = gnu11;
				GCC_DYNAMIC_NO_PIC = NO;
				GCC_NO_COMMON_BLOCKS = YES;
				GCC_OPTIMIZATION_LEVEL = 0;
				GCC_PREPROCESSOR_DEFINITIONS = (
					"DEBUG=1",
					"$(inherited)",
				);
				GCC_WARN_64_TO_32_BIT_CONVERSION = YES;
				GCC_WARN_ABOUT_RETURN_TYPE = YES_ERROR;
				GCC_WARN_UNDECLARED_SELECTOR = YES;
				GCC_WARN_UNINITIALIZED_AUTOS = YES_AGGRESSIVE;
				GCC_WARN_UNUSED_FUNCTION = YES;
				GCC_WARN_UNUSED_VARIABLE = YES;
				IPHONEOS_DEPLOYMENT_TARGET = 16.2;
				MTL_ENABLE_DEBUG_INFO = INCLUDE_SOURCE;
				MTL_FAST_MATH = YES;
				ONLY_ACTIVE_ARCH = YES;
				SDKROOT = iphoneos;
				SWIFT_ACTIVE_COMPILATION_CONDITIONS = DEBUG;
				SWIFT_OPTIMIZATION_LEVEL = "-Onone";
			};
			name = Debug;
		};
		55352A122A7ECD01000AEC95 /* Release */ = {
			isa = XCBuildConfiguration;
			buildSettings = {
				ALWAYS_SEARCH_USER_PATHS = NO;
				CLANG_ANALYZER_NONNULL = YES;
				CLANG_ANALYZER_NUMBER_OBJECT_CONVERSION = YES_AGGRESSIVE;
				CLANG_CXX_LANGUAGE_STANDARD = "gnu++20";
				CLANG_ENABLE_MODULES = YES;
				CLANG_ENABLE_OBJC_ARC = YES;
				CLANG_ENABLE_OBJC_WEAK = YES;
				CLANG_WARN_BLOCK_CAPTURE_AUTORELEASING = YES;
				CLANG_WARN_BOOL_CONVERSION = YES;
				CLANG_WARN_COMMA = YES;
				CLANG_WARN_CONSTANT_CONVERSION = YES;
				CLANG_WARN_DEPRECATED_OBJC_IMPLEMENTATIONS = YES;
				CLANG_WARN_DIRECT_OBJC_ISA_USAGE = YES_ERROR;
				CLANG_WARN_DOCUMENTATION_COMMENTS = YES;
				CLANG_WARN_EMPTY_BODY = YES;
				CLANG_WARN_ENUM_CONVERSION = YES;
				CLANG_WARN_INFINITE_RECURSION = YES;
				CLANG_WARN_INT_CONVERSION = YES;
				CLANG_WARN_NON_LITERAL_NULL_CONVERSION = YES;
				CLANG_WARN_OBJC_IMPLICIT_RETAIN_SELF = YES;
				CLANG_WARN_OBJC_LITERAL_CONVERSION = YES;
				CLANG_WARN_OBJC_ROOT_CLASS = YES_ERROR;
				CLANG_WARN_QUOTED_INCLUDE_IN_FRAMEWORK_HEADER = YES;
				CLANG_WARN_RANGE_LOOP_ANALYSIS = YES;
				CLANG_WARN_STRICT_PROTOTYPES = YES;
				CLANG_WARN_SUSPICIOUS_MOVE = YES;
				CLANG_WARN_UNGUARDED_AVAILABILITY = YES_AGGRESSIVE;
				CLANG_WARN_UNREACHABLE_CODE = YES;
				CLANG_WARN__DUPLICATE_METHOD_MATCH = YES;
				COPY_PHASE_STRIP = NO;
				DEBUG_INFORMATION_FORMAT = "dwarf-with-dsym";
				ENABLE_NS_ASSERTIONS = NO;
				ENABLE_STRICT_OBJC_MSGSEND = YES;
				GCC_C_LANGUAGE_STANDARD = gnu11;
				GCC_NO_COMMON_BLOCKS = YES;
				GCC_WARN_64_TO_32_BIT_CONVERSION = YES;
				GCC_WARN_ABOUT_RETURN_TYPE = YES_ERROR;
				GCC_WARN_UNDECLARED_SELECTOR = YES;
				GCC_WARN_UNINITIALIZED_AUTOS = YES_AGGRESSIVE;
				GCC_WARN_UNUSED_FUNCTION = YES;
				GCC_WARN_UNUSED_VARIABLE = YES;
				IPHONEOS_DEPLOYMENT_TARGET = 16.2;
				MTL_ENABLE_DEBUG_INFO = NO;
				MTL_FAST_MATH = YES;
				SDKROOT = iphoneos;
				SWIFT_COMPILATION_MODE = wholemodule;
				SWIFT_OPTIMIZATION_LEVEL = "-O";
				VALIDATE_PRODUCT = YES;
			};
			name = Release;
		};
		55352A142A7ECD01000AEC95 /* Debug */ = {
			isa = XCBuildConfiguration;
			buildSettings = {
				ASSETCATALOG_COMPILER_APPICON_NAME = AppIcon;
				ASSETCATALOG_COMPILER_GLOBAL_ACCENT_COLOR_NAME = AccentColor;
				CODE_SIGN_STYLE = Automatic;
				CURRENT_PROJECT_VERSION = 1;
				DEVELOPMENT_TEAM = YKB66DNHZ7;
				GENERATE_INFOPLIST_FILE = YES;
				INFOPLIST_FILE = todolist/Info.plist;
				INFOPLIST_KEY_UIApplicationSupportsIndirectInputEvents = YES;
				INFOPLIST_KEY_UILaunchStoryboardName = LaunchScreen;
				INFOPLIST_KEY_UIMainStoryboardFile = Main;
				INFOPLIST_KEY_UISupportedInterfaceOrientations_iPad = "UIInterfaceOrientationPortrait UIInterfaceOrientationPortraitUpsideDown UIInterfaceOrientationLandscapeLeft UIInterfaceOrientationLandscapeRight";
				INFOPLIST_KEY_UISupportedInterfaceOrientations_iPhone = "UIInterfaceOrientationPortrait UIInterfaceOrientationLandscapeLeft UIInterfaceOrientationLandscapeRight";
				LD_RUNPATH_SEARCH_PATHS = (
					"$(inherited)",
					"@executable_path/Frameworks",
				);
				MARKETING_VERSION = 1.0;
				PRODUCT_BUNDLE_IDENTIFIER = com.gmail.felipeavmuller.todolist;
				PRODUCT_NAME = "$(TARGET_NAME)";
				SWIFT_EMIT_LOC_STRINGS = YES;
				SWIFT_VERSION = 5.0;
				TARGETED_DEVICE_FAMILY = "1,2";
			};
			name = Debug;
		};
		55352A152A7ECD01000AEC95 /* Release */ = {
			isa = XCBuildConfiguration;
			buildSettings = {
				ASSETCATALOG_COMPILER_APPICON_NAME = AppIcon;
				ASSETCATALOG_COMPILER_GLOBAL_ACCENT_COLOR_NAME = AccentColor;
				CODE_SIGN_STYLE = Automatic;
				CURRENT_PROJECT_VERSION = 1;
				DEVELOPMENT_TEAM = YKB66DNHZ7;
				GENERATE_INFOPLIST_FILE = YES;
				INFOPLIST_FILE = todolist/Info.plist;
				INFOPLIST_KEY_UIApplicationSupportsIndirectInputEvents = YES;
				INFOPLIST_KEY_UILaunchStoryboardName = LaunchScreen;
				INFOPLIST_KEY_UIMainStoryboardFile = Main;
				INFOPLIST_KEY_UISupportedInterfaceOrientations_iPad = "UIInterfaceOrientationPortrait UIInterfaceOrientationPortraitUpsideDown UIInterfaceOrientationLandscapeLeft UIInterfaceOrientationLandscapeRight";
				INFOPLIST_KEY_UISupportedInterfaceOrientations_iPhone = "UIInterfaceOrientationPortrait UIInterfaceOrientationLandscapeLeft UIInterfaceOrientationLandscapeRight";
				LD_RUNPATH_SEARCH_PATHS = (
					"$(inherited)",
					"@executable_path/Frameworks",
				);
				MARKETING_VERSION = 1.0;
				PRODUCT_BUNDLE_IDENTIFIER = com.gmail.felipeavmuller.todolist;
				PRODUCT_NAME = "$(TARGET_NAME)";
				SWIFT_EMIT_LOC_STRINGS = YES;
				SWIFT_VERSION = 5.0;
				TARGETED_DEVICE_FAMILY = "1,2";
			};
			name = Release;
		};
/* End XCBuildConfiguration section */

/* Begin XCConfigurationList section */
		553529FA2A7ECD00000AEC95 /* Build configuration list for PBXProject "todolist" */ = {
			isa = XCConfigurationList;
			buildConfigurations = (
				55352A112A7ECD01000AEC95 /* Debug */,
				55352A122A7ECD01000AEC95 /* Release */,
			);
			defaultConfigurationIsVisible = 0;
			defaultConfigurationName = Release;
		};
		55352A132A7ECD01000AEC95 /* Build configuration list for PBXNativeTarget "todolist" */ = {
			isa = XCConfigurationList;
			buildConfigurations = (
				55352A142A7ECD01000AEC95 /* Debug */,
				55352A152A7ECD01000AEC95 /* Release */,
			);
			defaultConfigurationIsVisible = 0;
			defaultConfigurationName = Release;
		};
/* End XCConfigurationList section */
	};
	rootObject = 553529F72A7ECD00000AEC95 /* Project object */;
}
